// !$*UTF8*$!
{
	archiveVersion = 1;
	classes = {
	};
	objectVersion = 46;
	objects = {

/* Begin PBXBuildFile section */
		2C2B52851C7FD135009A1959 /* Scene.cpp in Sources */ = {isa = PBXBuildFile; fileRef = 2C2B52831C7FD135009A1959 /* Scene.cpp */; };
		2C2FC38E1C6E8730005548D0 /* main.cpp in Sources */ = {isa = PBXBuildFile; fileRef = 2C2FC3771C6E8730005548D0 /* main.cpp */; };
		2C2FC38F1C6E8730005548D0 /* Rib.cpp in Sources */ = {isa = PBXBuildFile; fileRef = 2C2FC3781C6E8730005548D0 /* Rib.cpp */; };
		2C2FC3901C6E8730005548D0 /* Point3d.cpp in Sources */ = {isa = PBXBuildFile; fileRef = 2C2FC37A1C6E8730005548D0 /* Point3d.cpp */; };
		2C2FC3911C6E8730005548D0 /* Vector3d.cpp in Sources */ = {isa = PBXBuildFile; fileRef = 2C2FC37C1C6E8730005548D0 /* Vector3d.cpp */; };
		2C2FC3921C6E8730005548D0 /* Blade_surface.cpp in Sources */ = {isa = PBXBuildFile; fileRef = 2C2FC37E1C6E8730005548D0 /* Blade_surface.cpp */; };
		2C2FC3931C6E8730005548D0 /* Bounding_box.cpp in Sources */ = {isa = PBXBuildFile; fileRef = 2C2FC3801C6E8730005548D0 /* Bounding_box.cpp */; };
		2C2FC3941C6E8730005548D0 /* Transmitter.cpp in Sources */ = {isa = PBXBuildFile; fileRef = 2C2FC3821C6E8730005548D0 /* Transmitter.cpp */; };
		2C2FC3951C6E8730005548D0 /* Receiver.cpp in Sources */ = {isa = PBXBuildFile; fileRef = 2C2FC3841C6E8730005548D0 /* Receiver.cpp */; };
		2C2FC3961C6E8730005548D0 /* Ray3d.cpp in Sources */ = {isa = PBXBuildFile; fileRef = 2C2FC3861C6E8730005548D0 /* Ray3d.cpp */; };
		2C2FC3971C6E8730005548D0 /* Rotor.cpp in Sources */ = {isa = PBXBuildFile; fileRef = 2C2FC3881C6E8730005548D0 /* Rotor.cpp */; };
		2C2FC3981C6E8730005548D0 /* Triangle.cpp in Sources */ = {isa = PBXBuildFile; fileRef = 2C2FC38A1C6E8730005548D0 /* Triangle.cpp */; };
		2C2FC3991C6E8730005548D0 /* Sphere.cpp in Sources */ = {isa = PBXBuildFile; fileRef = 2C2FC38C1C6E8730005548D0 /* Sphere.cpp */; };
/* End PBXBuildFile section */

/* Begin PBXCopyFilesBuildPhase section */
		2C2FC36A1C6E8472005548D0 /* CopyFiles */ = {
			isa = PBXCopyFilesBuildPhase;
			buildActionMask = 2147483647;
			dstPath = /usr/share/man/man1/;
			dstSubfolderSpec = 0;
			files = (
			);
			runOnlyForDeploymentPostprocessing = 1;
		};
/* End PBXCopyFilesBuildPhase section */

/* Begin PBXFileReference section */
		2C2B52831C7FD135009A1959 /* Scene.cpp */ = {isa = PBXFileReference; fileEncoding = 4; lastKnownFileType = sourcecode.cpp.cpp; path = Scene.cpp; sourceTree = "<group>"; };
		2C2B52841C7FD135009A1959 /* Scene.hpp */ = {isa = PBXFileReference; fileEncoding = 4; lastKnownFileType = sourcecode.cpp.h; path = Scene.hpp; sourceTree = "<group>"; };
		2C2FC36C1C6E8472005548D0 /* Raytracer3D */ = {isa = PBXFileReference; explicitFileType = "compiled.mach-o.executable"; includeInIndex = 0; path = Raytracer3D; sourceTree = BUILT_PRODUCTS_DIR; };
		2C2FC3761C6E871F005548D0 /* rib.txt */ = {isa = PBXFileReference; lastKnownFileType = text; path = rib.txt; sourceTree = "<group>"; };
		2C2FC3771C6E8730005548D0 /* main.cpp */ = {isa = PBXFileReference; fileEncoding = 4; lastKnownFileType = sourcecode.cpp.cpp; path = main.cpp; sourceTree = "<group>"; };
		2C2FC3781C6E8730005548D0 /* Rib.cpp */ = {isa = PBXFileReference; fileEncoding = 4; lastKnownFileType = sourcecode.cpp.cpp; path = Rib.cpp; sourceTree = "<group>"; };
		2C2FC3791C6E8730005548D0 /* Rib.hpp */ = {isa = PBXFileReference; fileEncoding = 4; lastKnownFileType = sourcecode.cpp.h; path = Rib.hpp; sourceTree = "<group>"; };
		2C2FC37A1C6E8730005548D0 /* Point3d.cpp */ = {isa = PBXFileReference; fileEncoding = 4; lastKnownFileType = sourcecode.cpp.cpp; path = Point3d.cpp; sourceTree = "<group>"; };
		2C2FC37B1C6E8730005548D0 /* Point3d.hpp */ = {isa = PBXFileReference; fileEncoding = 4; lastKnownFileType = sourcecode.cpp.h; path = Point3d.hpp; sourceTree = "<group>"; };
		2C2FC37C1C6E8730005548D0 /* Vector3d.cpp */ = {isa = PBXFileReference; fileEncoding = 4; lastKnownFileType = sourcecode.cpp.cpp; path = Vector3d.cpp; sourceTree = "<group>"; };
		2C2FC37D1C6E8730005548D0 /* Vector3d.hpp */ = {isa = PBXFileReference; fileEncoding = 4; lastKnownFileType = sourcecode.cpp.h; path = Vector3d.hpp; sourceTree = "<group>"; };
		2C2FC37E1C6E8730005548D0 /* Blade_surface.cpp */ = {isa = PBXFileReference; fileEncoding = 4; lastKnownFileType = sourcecode.cpp.cpp; path = Blade_surface.cpp; sourceTree = "<group>"; };
		2C2FC37F1C6E8730005548D0 /* Blade_surface.hpp */ = {isa = PBXFileReference; fileEncoding = 4; lastKnownFileType = sourcecode.cpp.h; path = Blade_surface.hpp; sourceTree = "<group>"; };
		2C2FC3801C6E8730005548D0 /* Bounding_box.cpp */ = {isa = PBXFileReference; fileEncoding = 4; lastKnownFileType = sourcecode.cpp.cpp; path = Bounding_box.cpp; sourceTree = "<group>"; };
		2C2FC3811C6E8730005548D0 /* Bounding_box.hpp */ = {isa = PBXFileReference; fileEncoding = 4; lastKnownFileType = sourcecode.cpp.h; path = Bounding_box.hpp; sourceTree = "<group>"; };
		2C2FC3821C6E8730005548D0 /* Transmitter.cpp */ = {isa = PBXFileReference; fileEncoding = 4; lastKnownFileType = sourcecode.cpp.cpp; path = Transmitter.cpp; sourceTree = "<group>"; };
		2C2FC3831C6E8730005548D0 /* Transmitter.hpp */ = {isa = PBXFileReference; fileEncoding = 4; lastKnownFileType = sourcecode.cpp.h; path = Transmitter.hpp; sourceTree = "<group>"; };
		2C2FC3841C6E8730005548D0 /* Receiver.cpp */ = {isa = PBXFileReference; fileEncoding = 4; lastKnownFileType = sourcecode.cpp.cpp; path = Receiver.cpp; sourceTree = "<group>"; };
		2C2FC3851C6E8730005548D0 /* Receiver.hpp */ = {isa = PBXFileReference; fileEncoding = 4; lastKnownFileType = sourcecode.cpp.h; path = Receiver.hpp; sourceTree = "<group>"; };
		2C2FC3861C6E8730005548D0 /* Ray3d.cpp */ = {isa = PBXFileReference; fileEncoding = 4; lastKnownFileType = sourcecode.cpp.cpp; path = Ray3d.cpp; sourceTree = "<group>"; };
		2C2FC3871C6E8730005548D0 /* Ray3d.hpp */ = {isa = PBXFileReference; fileEncoding = 4; lastKnownFileType = sourcecode.cpp.h; path = Ray3d.hpp; sourceTree = "<group>"; };
		2C2FC3881C6E8730005548D0 /* Rotor.cpp */ = {isa = PBXFileReference; fileEncoding = 4; lastKnownFileType = sourcecode.cpp.cpp; path = Rotor.cpp; sourceTree = "<group>"; };
		2C2FC3891C6E8730005548D0 /* Rotor.hpp */ = {isa = PBXFileReference; fileEncoding = 4; lastKnownFileType = sourcecode.cpp.h; path = Rotor.hpp; sourceTree = "<group>"; };
		2C2FC38A1C6E8730005548D0 /* Triangle.cpp */ = {isa = PBXFileReference; fileEncoding = 4; lastKnownFileType = sourcecode.cpp.cpp; path = Triangle.cpp; sourceTree = "<group>"; };
		2C2FC38B1C6E8730005548D0 /* Triangle.hpp */ = {isa = PBXFileReference; fileEncoding = 4; lastKnownFileType = sourcecode.cpp.h; path = Triangle.hpp; sourceTree = "<group>"; };
		2C2FC38C1C6E8730005548D0 /* Sphere.cpp */ = {isa = PBXFileReference; fileEncoding = 4; lastKnownFileType = sourcecode.cpp.cpp; path = Sphere.cpp; sourceTree = "<group>"; };
		2C2FC38D1C6E8730005548D0 /* Sphere.hpp */ = {isa = PBXFileReference; fileEncoding = 4; lastKnownFileType = sourcecode.cpp.h; path = Sphere.hpp; sourceTree = "<group>"; };
/* End PBXFileReference section */

/* Begin PBXFrameworksBuildPhase section */
		2C2FC3691C6E8472005548D0 /* Frameworks */ = {
			isa = PBXFrameworksBuildPhase;
			buildActionMask = 2147483647;
			files = (
			);
			runOnlyForDeploymentPostprocessing = 0;
		};
/* End PBXFrameworksBuildPhase section */

/* Begin PBXGroup section */
		2C2FC3631C6E8472005548D0 = {
			isa = PBXGroup;
			children = (
				2C2FC3761C6E871F005548D0 /* rib.txt */,
				2C2FC36E1C6E8472005548D0 /* Raytracer3D */,
				2C2FC36D1C6E8472005548D0 /* Products */,
			);
			sourceTree = "<group>";
		};
		2C2FC36D1C6E8472005548D0 /* Products */ = {
			isa = PBXGroup;
			children = (
				2C2FC36C1C6E8472005548D0 /* Raytracer3D */,
			);
			name = Products;
			sourceTree = "<group>";
		};
		2C2FC36E1C6E8472005548D0 /* Raytracer3D */ = {
			isa = PBXGroup;
			children = (
				2C2FC3771C6E8730005548D0 /* main.cpp */,
				2C2B52831C7FD135009A1959 /* Scene.cpp */,
				2C2B52841C7FD135009A1959 /* Scene.hpp */,
				2C2FC3781C6E8730005548D0 /* Rib.cpp */,
				2C2FC3791C6E8730005548D0 /* Rib.hpp */,
				2C2FC37A1C6E8730005548D0 /* Point3d.cpp */,
				2C2FC37B1C6E8730005548D0 /* Point3d.hpp */,
				2C2FC37C1C6E8730005548D0 /* Vector3d.cpp */,
				2C2FC37D1C6E8730005548D0 /* Vector3d.hpp */,
				2C2FC37E1C6E8730005548D0 /* Blade_surface.cpp */,
				2C2FC37F1C6E8730005548D0 /* Blade_surface.hpp */,
				2C2FC3801C6E8730005548D0 /* Bounding_box.cpp */,
				2C2FC3811C6E8730005548D0 /* Bounding_box.hpp */,
				2C2FC3821C6E8730005548D0 /* Transmitter.cpp */,
				2C2FC3831C6E8730005548D0 /* Transmitter.hpp */,
				2C2FC3841C6E8730005548D0 /* Receiver.cpp */,
				2C2FC3851C6E8730005548D0 /* Receiver.hpp */,
				2C2FC3861C6E8730005548D0 /* Ray3d.cpp */,
				2C2FC3871C6E8730005548D0 /* Ray3d.hpp */,
				2C2FC3881C6E8730005548D0 /* Rotor.cpp */,
				2C2FC3891C6E8730005548D0 /* Rotor.hpp */,
				2C2FC38A1C6E8730005548D0 /* Triangle.cpp */,
				2C2FC38B1C6E8730005548D0 /* Triangle.hpp */,
				2C2FC38C1C6E8730005548D0 /* Sphere.cpp */,
				2C2FC38D1C6E8730005548D0 /* Sphere.hpp */,
			);
			path = Raytracer3D;
			sourceTree = "<group>";
		};
/* End PBXGroup section */

/* Begin PBXNativeTarget section */
		2C2FC36B1C6E8472005548D0 /* Raytracer3D */ = {
			isa = PBXNativeTarget;
			buildConfigurationList = 2C2FC3731C6E8472005548D0 /* Build configuration list for PBXNativeTarget "Raytracer3D" */;
			buildPhases = (
				2C2FC3681C6E8472005548D0 /* Sources */,
				2C2FC3691C6E8472005548D0 /* Frameworks */,
				2C2FC36A1C6E8472005548D0 /* CopyFiles */,
			);
			buildRules = (
			);
			dependencies = (
			);
			name = Raytracer3D;
			productName = Raytracer3D;
			productReference = 2C2FC36C1C6E8472005548D0 /* Raytracer3D */;
			productType = "com.apple.product-type.tool";
		};
/* End PBXNativeTarget section */

/* Begin PBXProject section */
		2C2FC3641C6E8472005548D0 /* Project object */ = {
			isa = PBXProject;
			attributes = {
				LastUpgradeCheck = 0720;
				ORGANIZATIONNAME = BWAC;
				TargetAttributes = {
					2C2FC36B1C6E8472005548D0 = {
						CreatedOnToolsVersion = 7.2;
					};
				};
			};
			buildConfigurationList = 2C2FC3671C6E8472005548D0 /* Build configuration list for PBXProject "Raytracer3D" */;
			compatibilityVersion = "Xcode 3.2";
			developmentRegion = English;
			hasScannedForEncodings = 0;
			knownRegions = (
				en,
			);
			mainGroup = 2C2FC3631C6E8472005548D0;
			productRefGroup = 2C2FC36D1C6E8472005548D0 /* Products */;
			projectDirPath = "";
			projectRoot = "";
			targets = (
				2C2FC36B1C6E8472005548D0 /* Raytracer3D */,
			);
		};
/* End PBXProject section */

/* Begin PBXSourcesBuildPhase section */
		2C2FC3681C6E8472005548D0 /* Sources */ = {
			isa = PBXSourcesBuildPhase;
			buildActionMask = 2147483647;
			files = (
				2C2FC38E1C6E8730005548D0 /* main.cpp in Sources */,
				2C2B52851C7FD135009A1959 /* Scene.cpp in Sources */,
				2C2FC38F1C6E8730005548D0 /* Rib.cpp in Sources */,
				2C2FC3951C6E8730005548D0 /* Receiver.cpp in Sources */,
				2C2FC3921C6E8730005548D0 /* Blade_surface.cpp in Sources */,
				2C2FC3971C6E8730005548D0 /* Rotor.cpp in Sources */,
				2C2FC3981C6E8730005548D0 /* Triangle.cpp in Sources */,
				2C2FC3931C6E8730005548D0 /* Bounding_box.cpp in Sources */,
				2C2FC3901C6E8730005548D0 /* Point3d.cpp in Sources */,
				2C2FC3911C6E8730005548D0 /* Vector3d.cpp in Sources */,
				2C2FC3941C6E8730005548D0 /* Transmitter.cpp in Sources */,
				2C2FC3991C6E8730005548D0 /* Sphere.cpp in Sources */,
				2C2FC3961C6E8730005548D0 /* Ray3d.cpp in Sources */,
			);
			runOnlyForDeploymentPostprocessing = 0;
		};
/* End PBXSourcesBuildPhase section */

/* Begin XCBuildConfiguration section */
		2C2FC3711C6E8472005548D0 /* Debug */ = {
			isa = XCBuildConfiguration;
			buildSettings = {
				ALWAYS_SEARCH_USER_PATHS = NO;
				CLANG_CXX_LANGUAGE_STANDARD = "gnu++0x";
				CLANG_CXX_LIBRARY = "libc++";
				CLANG_ENABLE_MODULES = YES;
				CLANG_ENABLE_OBJC_ARC = YES;
				CLANG_WARN_BOOL_CONVERSION = YES;
				CLANG_WARN_CONSTANT_CONVERSION = YES;
				CLANG_WARN_DIRECT_OBJC_ISA_USAGE = YES_ERROR;
				CLANG_WARN_EMPTY_BODY = YES;
				CLANG_WARN_ENUM_CONVERSION = YES;
				CLANG_WARN_INT_CONVERSION = YES;
				CLANG_WARN_OBJC_ROOT_CLASS = YES_ERROR;
				CLANG_WARN_UNREACHABLE_CODE = YES;
				CLANG_WARN__DUPLICATE_METHOD_MATCH = YES;
				CODE_SIGN_IDENTITY = "-";
				COPY_PHASE_STRIP = NO;
				DEBUG_INFORMATION_FORMAT = dwarf;
				ENABLE_STRICT_OBJC_MSGSEND = YES;
				ENABLE_TESTABILITY = YES;
				GCC_C_LANGUAGE_STANDARD = gnu99;
				GCC_DYNAMIC_NO_PIC = NO;
				GCC_NO_COMMON_BLOCKS = YES;
				GCC_OPTIMIZATION_LEVEL = 0;
				GCC_PREPROCESSOR_DEFINITIONS = (
					"DEBUG=1",
					"$(inherited)",
				);
				GCC_WARN_64_TO_32_BIT_CONVERSION = YES;
				GCC_WARN_ABOUT_RETURN_TYPE = YES_ERROR;
				GCC_WARN_UNDECLARED_SELECTOR = YES;
				GCC_WARN_UNINITIALIZED_AUTOS = YES_AGGRESSIVE;
				GCC_WARN_UNUSED_FUNCTION = YES;
				GCC_WARN_UNUSED_VARIABLE = YES;
				MACOSX_DEPLOYMENT_TARGET = 10.11;
				MTL_ENABLE_DEBUG_INFO = YES;
				ONLY_ACTIVE_ARCH = YES;
				SDKROOT = macosx;
			};
			name = Debug;
		};
		2C2FC3721C6E8472005548D0 /* Release */ = {
			isa = XCBuildConfiguration;
			buildSettings = {
				ALWAYS_SEARCH_USER_PATHS = NO;
				CLANG_CXX_LANGUAGE_STANDARD = "gnu++0x";
				CLANG_CXX_LIBRARY = "libc++";
				CLANG_ENABLE_MODULES = YES;
				CLANG_ENABLE_OBJC_ARC = YES;
				CLANG_WARN_BOOL_CONVERSION = YES;
				CLANG_WARN_CONSTANT_CONVERSION = YES;
				CLANG_WARN_DIRECT_OBJC_ISA_USAGE = YES_ERROR;
				CLANG_WARN_EMPTY_BODY = YES;
				CLANG_WARN_ENUM_CONVERSION = YES;
				CLANG_WARN_INT_CONVERSION = YES;
				CLANG_WARN_OBJC_ROOT_CLASS = YES_ERROR;
				CLANG_WARN_UNREACHABLE_CODE = YES;
				CLANG_WARN__DUPLICATE_METHOD_MATCH = YES;
				CODE_SIGN_IDENTITY = "-";
				COPY_PHASE_STRIP = NO;
				DEBUG_INFORMATION_FORMAT = "dwarf-with-dsym";
				ENABLE_NS_ASSERTIONS = NO;
				ENABLE_STRICT_OBJC_MSGSEND = YES;
				GCC_C_LANGUAGE_STANDARD = gnu99;
				GCC_NO_COMMON_BLOCKS = YES;
				GCC_WARN_64_TO_32_BIT_CONVERSION = YES;
				GCC_WARN_ABOUT_RETURN_TYPE = YES_ERROR;
				GCC_WARN_UNDECLARED_SELECTOR = YES;
				GCC_WARN_UNINITIALIZED_AUTOS = YES_AGGRESSIVE;
				GCC_WARN_UNUSED_FUNCTION = YES;
				GCC_WARN_UNUSED_VARIABLE = YES;
				MACOSX_DEPLOYMENT_TARGET = 10.11;
				MTL_ENABLE_DEBUG_INFO = NO;
				SDKROOT = macosx;
			};
			name = Release;
		};
		2C2FC3741C6E8472005548D0 /* Debug */ = {
			isa = XCBuildConfiguration;
			buildSettings = {
				PRODUCT_NAME = "$(TARGET_NAME)";
			};
			name = Debug;
		};
		2C2FC3751C6E8472005548D0 /* Release */ = {
			isa = XCBuildConfiguration;
			buildSettings = {
				PRODUCT_NAME = "$(TARGET_NAME)";
			};
			name = Release;
		};
/* End XCBuildConfiguration section */

/* Begin XCConfigurationList section */
		2C2FC3671C6E8472005548D0 /* Build configuration list for PBXProject "Raytracer3D" */ = {
			isa = XCConfigurationList;
			buildConfigurations = (
				2C2FC3711C6E8472005548D0 /* Debug */,
				2C2FC3721C6E8472005548D0 /* Release */,
			);
			defaultConfigurationIsVisible = 0;
			defaultConfigurationName = Release;
		};
		2C2FC3731C6E8472005548D0 /* Build configuration list for PBXNativeTarget "Raytracer3D" */ = {
			isa = XCConfigurationList;
			buildConfigurations = (
				2C2FC3741C6E8472005548D0 /* Debug */,
				2C2FC3751C6E8472005548D0 /* Release */,
			);
			defaultConfigurationIsVisible = 0;
			defaultConfigurationName = Release;
		};
/* End XCConfigurationList section */
	};
	rootObject = 2C2FC3641C6E8472005548D0 /* Project object */;
}
